
Microsoft Visual Studio Solution File, Format Version 10.00
# Visual Studio 2008
Project("{8BC9CEB8-8B4A-11D0-8D11-00A0C91BC942}") = "senseCrypt", "ukeycrypto\ukeycrypto.vcproj", "{47D83912-D86D-4067-92AE-E33E61C5F055}"
EndProject
Project("{8BC9CEB8-8B4A-11D0-8D11-00A0C91BC942}") = "generateEncryptLimit", "generateEncryptLimit\generateEncryptLimit.vcproj", "{F9AE1BFA-6F3E-44F5-8AA9-50D6840094DC}"
EndProject
Global
	GlobalSection(SolutionConfigurationPlatforms) = preSolution
		Debug|Win32 = Debug|Win32
		Release|Win32 = Release|Win32
	EndGlobalSection
	GlobalSection(ProjectConfigurationPlatforms) = postSolution
		{47D83912-D86D-4067-92AE-E33E61C5F055}.Debug|Win32.ActiveCfg = Debug|Win32
		{47D83912-D86D-4067-92AE-E33E61C5F055}.Debug|Win32.Build.0 = Debug|Win32
		{47D83912-D86D-4067-92AE-E33E61C5F055}.Release|Win32.ActiveCfg = Release|Win32
		{47D83912-D86D-4067-92AE-E33E61C5F055}.Release|Win32.Build.0 = Release|Win32
		{F9AE1BFA-6F3E-44F5-8AA9-50D6840094DC}.Debug|Win32.ActiveCfg = Debug|Win32
		{F9AE1BFA-6F3E-44F5-8AA9-50D6840094DC}.Debug|Win32.Build.0 = Debug|Win32
		{F9AE1BFA-6F3E-44F5-8AA9-50D6840094DC}.Release|Win32.ActiveCfg = Release|Win32
		{F9AE1BFA-6F3E-44F5-8AA9-50D6840094DC}.Release|Win32.Build.0 = Release|Win32
	EndGlobalSection
	GlobalSection(SolutionProperties) = preSolution
		HideSolutionNode = FALSE
	EndGlobalSection
EndGlobal
